{
  "object": {
    "pins": [
      {
        "package": "FloatingPanel",
        "repositoryURL": "https://github.com/scenee/FloatingPanel",
        "state": {
          "branch": null,
          "revision": "16fea625be25d9a713630a4a43cbc0778740ebf4",
          "version": "2.3.0"
        }
      }
    ]
  },
  "version": 1
}
